
Microsoft Visual Studio Solution File, Format Version 12.00
# Visual Studio Version 17
VisualStudioVersion = 17.8.34511.84
MinimumVisualStudioVersion = 10.0.40219.1
Project("{FAE04EC0-301F-11D3-BF4B-00C04F79EFBC}") = "AgentCheckListApi", "AgentCheckListApi\AgentCheckListApi.csproj", "{59C6500C-CEE8-4451-90AD-6D7ECD2628DE}"
EndProject
Global
	GlobalSection(SolutionConfigurationPlatforms) = preSolution
		Debug|Any CPU = Debug|Any CPU
		Release|Any CPU = Release|Any CPU
	EndGlobalSection
	GlobalSection(ProjectConfigurationPlatforms) = postSolution
		{59C6500C-CEE8-4451-90AD-6D7ECD2628DE}.Debug|Any CPU.ActiveCfg = Debug|Any CPU
		{59C6500C-CEE8-4451-90AD-6D7ECD2628DE}.Debug|Any CPU.Build.0 = Debug|Any CPU
		{59C6500C-CEE8-4451-90AD-6D7ECD2628DE}.Release|Any CPU.ActiveCfg = Release|Any CPU
		{59C6500C-CEE8-4451-90AD-6D7ECD2628DE}.Release|Any CPU.Build.0 = Release|Any CPU
	EndGlobalSection
	GlobalSection(SolutionProperties) = preSolution
		HideSolutionNode = FALSE
	EndGlobalSection
	GlobalSection(ExtensibilityGlobals) = postSolution
		SolutionGuid = {B30A51BA-5F6C-4454-8E93-C9074230C85A}
	EndGlobalSection
EndGlobal
